Microsoft Visual Studio Solution File, Format Version 12.00
# Visual Studio Version 17
MinimumVisualStudioVersion = 10.0.40219.1
Project("{7d142de6-7a37-4b73-961b-a5ef3f7bfbc8}") = "Redback-Beta.GH", "Redback-Beta.GH\Redback-Beta.GH.csproj", "{642611ee-2f56-487b-9be4-ed8809f5d5dc}"
EndProject

Global
	GlobalSection(SolutionConfigurationPlatforms) = preSolution
		Debug|Any CPU = Debug|Any CPU
		Release|Any CPU = Release|Any CPU
	EndGlobalSection
	GlobalSection(ProjectConfigurationPlatforms) = postSolution
		{642611ee-2f56-487b-9be4-ed8809f5d5dc}.Debug|Any CPU.Build.0 = Debug|Any CPU
{642611ee-2f56-487b-9be4-ed8809f5d5dc}.Release|Any CPU.Build.0 = Release|Any CPU

	EndGlobalSection
EndGlobal
